{
  "nodes": {
    "devenv": {
      "locked": {
        "dir": "src/modules",
        "lastModified": 1774880920,
        "narHash": "sha256-VPLBe2ES5agAANNZKDNaBQE/socnjBeEr2zloVcJHKk=",
        "owner": "cachix",
        "repo": "devenv",
        "rev": "f333c713e692b687a9ed7cc38ea5738cac67d38a",
        "type": "github"
      },
      "original": {
        "dir": "src/modules",
        "owner": "cachix",
        "repo": "devenv",
        "type": "github"
      }
    },
    "devenv-module-devcontainer": {
      "flake": false,
      "locked": {
        "lastModified": 1774893651,
        "narHash": "sha256-DoamOaPoQ2WedrA78fO1dq8ELNeE1HRkP/1aoW7DfRU=",
        "owner": "datakurre",
        "repo": "devenv-module-devcontainer",
        "rev": "6c953897ffadaa3c39d3f01c3f951306e5f5ab38",
        "type": "github"
      },
      "original": {
        "owner": "datakurre",
        "repo": "devenv-module-devcontainer",
        "type": "github"
      }
    },
    "devenv-module-devcontainer-nixpkgs": {
      "locked": {
        "lastModified": 1774893424,
        "narHash": "sha256-iOjsPPE1eJSlE/8OHXxfXrQ10+HA30ucf/peO8SysOI=",
        "owner": "nixos",
        "repo": "nixpkgs",
        "rev": "8ecf04ecbae141337bb44dc2042e74485daf7b47",
        "type": "github"
      },
      "original": {
        "owner": "nixos",
        "repo": "nixpkgs",
        "type": "github"
      }
    },
    "nixpkgs": {
      "locked": {
        "lastModified": 1774893424,
        "narHash": "sha256-iOjsPPE1eJSlE/8OHXxfXrQ10+HA30ucf/peO8SysOI=",
        "owner": "nixos",
        "repo": "nixpkgs",
        "rev": "8ecf04ecbae141337bb44dc2042e74485daf7b47",
        "type": "github"
      },
      "original": {
        "owner": "nixos",
        "repo": "nixpkgs",
        "type": "github"
      }
    },
    "root": {
      "inputs": {
        "devenv": "devenv",
        "devenv-module-devcontainer": "devenv-module-devcontainer",
        "devenv-module-devcontainer-nixpkgs": "devenv-module-devcontainer-nixpkgs",
        "nixpkgs": "nixpkgs"
      }
    }
  },
  "root": "root",
  "version": 7
}