{
  "nodes": {
    "devenv": {
      "locked": {
        "dir": "src/modules",
        "lastModified": 1775201809,
        "narHash": "sha256-WmpoCegCQ6Q2ZyxqO05zlz/7XXjt/l2iut4Nk5Nt+W4=",
        "owner": "cachix",
        "repo": "devenv",
        "rev": "42a5505d4700e791732e48a38b4cca05a755f94b",
        "type": "github"
      },
      "original": {
        "dir": "src/modules",
        "owner": "cachix",
        "repo": "devenv",
        "type": "github"
      }
    },
    "devenv-module-devcontainer": {
      "flake": false,
      "locked": {
        "lastModified": 1775203419,
        "narHash": "sha256-lasDZlcdVDDi4SDjMw77E+8BEto3Os45HjRnuUkoJtA=",
        "owner": "datakurre",
        "repo": "devenv-module-devcontainer",
        "rev": "be28f5111bc646960aec9062fd0417bbf1a14b9f",
        "type": "github"
      },
      "original": {
        "owner": "datakurre",
        "repo": "devenv-module-devcontainer",
        "type": "github"
      }
    },
    "devenv-module-devcontainer-nixpkgs": {
      "locked": {
        "lastModified": 1775287190,
        "narHash": "sha256-/Rd0y+K4IBceobm5JTwznAZOhbowZOYhkFVmjo57AcY=",
        "owner": "nixos",
        "repo": "nixpkgs",
        "rev": "3ec60639c8877d9da2355eb15b1cd14b2433b6fc",
        "type": "github"
      },
      "original": {
        "owner": "nixos",
        "repo": "nixpkgs",
        "type": "github"
      }
    },
    "nixpkgs": {
      "locked": {
        "lastModified": 1775280064,
        "narHash": "sha256-nwS8O8ruJaP5lZzzHuC9qGJygNDNXhWfMa94aGMEiLo=",
        "owner": "nixos",
        "repo": "nixpkgs",
        "rev": "719d25d6d269c87936932bc6db8d8da2b9278c85",
        "type": "github"
      },
      "original": {
        "owner": "nixos",
        "repo": "nixpkgs",
        "rev": "719d25d6d269c87936932bc6db8d8da2b9278c85",
        "type": "github"
      }
    },
    "root": {
      "inputs": {
        "devenv": "devenv",
        "devenv-module-devcontainer": "devenv-module-devcontainer",
        "devenv-module-devcontainer-nixpkgs": "devenv-module-devcontainer-nixpkgs",
        "nixpkgs": "nixpkgs"
      }
    }
  },
  "root": "root",
  "version": 7
}